
Microsoft Visual Studio Solution File, Format Version 12.00
# Visual Studio Version 17
VisualStudioVersion = 17.8.34330.188
MinimumVisualStudioVersion = 10.0.40219.1
Project("{FAE04EC0-301F-11D3-BF4B-00C04F79EFBC}") = "MySupplyer", "MySupplyer\MySupplyer.csproj", "{0AA00EE4-E723-489E-8C39-3B978CA2EBB2}"
EndProject
Global
	GlobalSection(SolutionConfigurationPlatforms) = preSolution
		Debug|Any CPU = Debug|Any CPU
		Release|Any CPU = Release|Any CPU
	EndGlobalSection
	GlobalSection(ProjectConfigurationPlatforms) = postSolution
		{0AA00EE4-E723-489E-8C39-3B978CA2EBB2}.Debug|Any CPU.ActiveCfg = Debug|Any CPU
		{0AA00EE4-E723-489E-8C39-3B978CA2EBB2}.Debug|Any CPU.Build.0 = Debug|Any CPU
		{0AA00EE4-E723-489E-8C39-3B978CA2EBB2}.Release|Any CPU.ActiveCfg = Release|Any CPU
		{0AA00EE4-E723-489E-8C39-3B978CA2EBB2}.Release|Any CPU.Build.0 = Release|Any CPU
	EndGlobalSection
	GlobalSection(SolutionProperties) = preSolution
		HideSolutionNode = FALSE
	EndGlobalSection
	GlobalSection(ExtensibilityGlobals) = postSolution
		SolutionGuid = {3F04D878-65FB-4352-9588-542D31DEB920}
	EndGlobalSection
EndGlobal
